
Microsoft Visual Studio Solution File, Format Version 12.00
# Visual Studio Version 16
VisualStudioVersion = 16.0.31025.194
MinimumVisualStudioVersion = 10.0.40219.1
Project("{FAE04EC0-301F-11D3-BF4B-00C04F79EFBC}") = "LayoutPrac.UWP", "LayoutPrac.UWP\LayoutPrac.UWP.csproj", "{02A98C13-595D-4BF2-8716-4F47BB5C10B3}"
EndProject
Project("{FAE04EC0-301F-11D3-BF4B-00C04F79EFBC}") = "LayoutPrac.Android", "LayoutPrac.Android\LayoutPrac.Android.csproj", "{2282A3B7-5F25-47AD-989A-03C0FE2A0C3C}"
EndProject
Project("{FAE04EC0-301F-11D3-BF4B-00C04F79EFBC}") = "LayoutPrac.iOS", "LayoutPrac.iOS\LayoutPrac.iOS.csproj", "{65E968C6-D4E6-464C-93EF-B4BD00BC0591}"
EndProject
Project("{FAE04EC0-301F-11D3-BF4B-00C04F79EFBC}") = "LayoutPrac", "LayoutPrac\LayoutPrac.csproj", "{FDA0F1DF-8D57-48C3-8735-584E676AF669}"
EndProject
Global
	GlobalSection(SolutionConfigurationPlatforms) = preSolution
		Debug|Any CPU = Debug|Any CPU
		Debug|ARM = Debug|ARM
		Debug|iPhone = Debug|iPhone
		Debug|iPhoneSimulator = Debug|iPhoneSimulator
		Debug|x64 = Debug|x64
		Debug|x86 = Debug|x86
		Release|Any CPU = Release|Any CPU
		Release|ARM = Release|ARM
		Release|iPhone = Release|iPhone
		Release|iPhoneSimulator = Release|iPhoneSimulator
		Release|x64 = Release|x64
		Release|x86 = Release|x86
	EndGlobalSection
	GlobalSection(ProjectConfigurationPlatforms) = postSolution
		{02A98C13-595D-4BF2-8716-4F47BB5C10B3}.Debug|Any CPU.ActiveCfg = Debug|x86
		{02A98C13-595D-4BF2-8716-4F47BB5C10B3}.Debug|Any CPU.Build.0 = Debug|x86
		{02A98C13-595D-4BF2-8716-4F47BB5C10B3}.Debug|Any CPU.Deploy.0 = Debug|x86
		{02A98C13-595D-4BF2-8716-4F47BB5C10B3}.Debug|ARM.ActiveCfg = Debug|ARM
		{02A98C13-595D-4BF2-8716-4F47BB5C10B3}.Debug|ARM.Build.0 = Debug|ARM
		{02A98C13-595D-4BF2-8716-4F47BB5C10B3}.Debug|ARM.Deploy.0 = Debug|ARM
		{02A98C13-595D-4BF2-8716-4F47BB5C10B3}.Debug|iPhone.ActiveCfg = Debug|x86
		{02A98C13-595D-4BF2-8716-4F47BB5C10B3}.Debug|iPhone.Build.0 = Debug|x86
		{02A98C13-595D-4BF2-8716-4F47BB5C10B3}.Debug|iPhone.Deploy.0 = Debug|x86
		{02A98C13-595D-4BF2-8716-4F47BB5C10B3}.Debug|iPhoneSimulator.ActiveCfg = Debug|x86
		{02A98C13-595D-4BF2-8716-4F47BB5C10B3}.Debug|iPhoneSimulator.Build.0 = Debug|x86
		{02A98C13-595D-4BF2-8716-4F47BB5C10B3}.Debug|iPhoneSimulator.Deploy.0 = Debug|x86
		{02A98C13-595D-4BF2-8716-4F47BB5C10B3}.Debug|x64.ActiveCfg = Debug|x64
		{02A98C13-595D-4BF2-8716-4F47BB5C10B3}.Debug|x64.Build.0 = Debug|x64
		{02A98C13-595D-4BF2-8716-4F47BB5C10B3}.Debug|x64.Deploy.0 = Debug|x64
		{02A98C13-595D-4BF2-8716-4F47BB5C10B3}.Debug|x86.ActiveCfg = Debug|x86
		{02A98C13-595D-4BF2-8716-4F47BB5C10B3}.Debug|x86.Build.0 = Debug|x86
		{02A98C13-595D-4BF2-8716-4F47BB5C10B3}.Debug|x86.Deploy.0 = Debug|x86
		{02A98C13-595D-4BF2-8716-4F47BB5C10B3}.Release|Any CPU.ActiveCfg = Release|x86
		{02A98C13-595D-4BF2-8716-4F47BB5C10B3}.Release|Any CPU.Build.0 = Release|x86
		{02A98C13-595D-4BF2-8716-4F47BB5C10B3}.Release|Any CPU.Deploy.0 = Release|x86
		{02A98C13-595D-4BF2-8716-4F47BB5C10B3}.Release|ARM.ActiveCfg = Release|ARM
		{02A98C13-595D-4BF2-8716-4F47BB5C10B3}.Release|ARM.Build.0 = Release|ARM
		{02A98C13-595D-4BF2-8716-4F47BB5C10B3}.Release|ARM.Deploy.0 = Release|ARM
		{02A98C13-595D-4BF2-8716-4F47BB5C10B3}.Release|iPhone.ActiveCfg = Release|x86
		{02A98C13-595D-4BF2-8716-4F47BB5C10B3}.Release|iPhone.Build.0 = Release|x86
		{02A98C13-595D-4BF2-8716-4F47BB5C10B3}.Release|iPhone.Deploy.0 = Release|x86
		{02A98C13-595D-4BF2-8716-4F47BB5C10B3}.Release|iPhoneSimulator.ActiveCfg = Release|x86
		{02A98C13-595D-4BF2-8716-4F47BB5C10B3}.Release|iPhoneSimulator.Build.0 = Release|x86
		{02A98C13-595D-4BF2-8716-4F47BB5C10B3}.Release|iPhoneSimulator.Deploy.0 = Release|x86
		{02A98C13-595D-4BF2-8716-4F47BB5C10B3}.Release|x64.ActiveCfg = Release|x64
		{02A98C13-595D-4BF2-8716-4F47BB5C10B3}.Release|x64.Build.0 = Release|x64
		{02A98C13-595D-4BF2-8716-4F47BB5C10B3}.Release|x64.Deploy.0 = Release|x64
		{02A98C13-595D-4BF2-8716-4F47BB5C10B3}.Release|x86.ActiveCfg = Release|x86
		{02A98C13-595D-4BF2-8716-4F47BB5C10B3}.Release|x86.Build.0 = Release|x86
		{02A98C13-595D-4BF2-8716-4F47BB5C10B3}.Release|x86.Deploy.0 = Release|x86
		{2282A3B7-5F25-47AD-989A-03C0FE2A0C3C}.Debug|Any CPU.ActiveCfg = Debug|Any CPU
		{2282A3B7-5F25-47AD-989A-03C0FE2A0C3C}.Debug|Any CPU.Build.0 = Debug|Any CPU
		{2282A3B7-5F25-47AD-989A-03C0FE2A0C3C}.Debug|Any CPU.Deploy.0 = Debug|Any CPU
		{2282A3B7-5F25-47AD-989A-03C0FE2A0C3C}.Debug|ARM.ActiveCfg = Debug|Any CPU
		{2282A3B7-5F25-47AD-989A-03C0FE2A0C3C}.Debug|ARM.Build.0 = Debug|Any CPU
		{2282A3B7-5F25-47AD-989A-03C0FE2A0C3C}.Debug|ARM.Deploy.0 = Debug|Any CPU
		{2282A3B7-5F25-47AD-989A-03C0FE2A0C3C}.Debug|iPhone.ActiveCfg = Debug|Any CPU
		{2282A3B7-5F25-47AD-989A-03C0FE2A0C3C}.Debug|iPhone.Build.0 = Debug|Any CPU
		{2282A3B7-5F25-47AD-989A-03C0FE2A0C3C}.Debug|iPhone.Deploy.0 = Debug|Any CPU
		{2282A3B7-5F25-47AD-989A-03C0FE2A0C3C}.Debug|iPhoneSimulator.ActiveCfg = Debug|Any CPU
		{2282A3B7-5F25-47AD-989A-03C0FE2A0C3C}.Debug|iPhoneSimulator.Build.0 = Debug|Any CPU
		{2282A3B7-5F25-47AD-989A-03C0FE2A0C3C}.Debug|iPhoneSimulator.Deploy.0 = Debug|Any CPU
		{2282A3B7-5F25-47AD-989A-03C0FE2A0C3C}.Debug|x64.ActiveCfg = Debug|Any CPU
		{2282A3B7-5F25-47AD-989A-03C0FE2A0C3C}.Debug|x64.Build.0 = Debug|Any CPU
		{2282A3B7-5F25-47AD-989A-03C0FE2A0C3C}.Debug|x64.Deploy.0 = Debug|Any CPU
		{2282A3B7-5F25-47AD-989A-03C0FE2A0C3C}.Debug|x86.ActiveCfg = Debug|Any CPU
		{2282A3B7-5F25-47AD-989A-03C0FE2A0C3C}.Debug|x86.Build.0 = Debug|Any CPU
		{2282A3B7-5F25-47AD-989A-03C0FE2A0C3C}.Debug|x86.Deploy.0 = Debug|Any CPU
		{2282A3B7-5F25-47AD-989A-03C0FE2A0C3C}.Release|Any CPU.ActiveCfg = Release|Any CPU
		{2282A3B7-5F25-47AD-989A-03C0FE2A0C3C}.Release|Any CPU.Build.0 = Release|Any CPU
		{2282A3B7-5F25-47AD-989A-03C0FE2A0C3C}.Release|Any CPU.Deploy.0 = Release|Any CPU
		{2282A3B7-5F25-47AD-989A-03C0FE2A0C3C}.Release|ARM.ActiveCfg = Release|Any CPU
		{2282A3B7-5F25-47AD-989A-03C0FE2A0C3C}.Release|ARM.Build.0 = Release|Any CPU
		{2282A3B7-5F25-47AD-989A-03C0FE2A0C3C}.Release|ARM.Deploy.0 = Release|Any CPU
		{2282A3B7-5F25-47AD-989A-03C0FE2A0C3C}.Release|iPhone.ActiveCfg = Release|Any CPU
		{2282A3B7-5F25-47AD-989A-03C0FE2A0C3C}.Release|iPhone.Build.0 = Release|Any CPU
		{2282A3B7-5F25-47AD-989A-03C0FE2A0C3C}.Release|iPhone.Deploy.0 = Release|Any CPU
		{2282A3B7-5F25-47AD-989A-03C0FE2A0C3C}.Release|iPhoneSimulator.ActiveCfg = Release|Any CPU
		{2282A3B7-5F25-47AD-989A-03C0FE2A0C3C}.Release|iPhoneSimulator.Build.0 = Release|Any CPU
		{2282A3B7-5F25-47AD-989A-03C0FE2A0C3C}.Release|iPhoneSimulator.Deploy.0 = Release|Any CPU
		{2282A3B7-5F25-47AD-989A-03C0FE2A0C3C}.Release|x64.ActiveCfg = Release|Any CPU
		{2282A3B7-5F25-47AD-989A-03C0FE2A0C3C}.Release|x64.Build.0 = Release|Any CPU
		{2282A3B7-5F25-47AD-989A-03C0FE2A0C3C}.Release|x64.Deploy.0 = Release|Any CPU
		{2282A3B7-5F25-47AD-989A-03C0FE2A0C3C}.Release|x86.ActiveCfg = Release|Any CPU
		{2282A3B7-5F25-47AD-989A-03C0FE2A0C3C}.Release|x86.Build.0 = Release|Any CPU
		{2282A3B7-5F25-47AD-989A-03C0FE2A0C3C}.Release|x86.Deploy.0 = Release|Any CPU
		{65E968C6-D4E6-464C-93EF-B4BD00BC0591}.Debug|Any CPU.ActiveCfg = Debug|iPhoneSimulator
		{65E968C6-D4E6-464C-93EF-B4BD00BC0591}.Debug|Any CPU.Build.0 = Debug|iPhoneSimulator
		{65E968C6-D4E6-464C-93EF-B4BD00BC0591}.Debug|Any CPU.Deploy.0 = Debug|iPhoneSimulator
		{65E968C6-D4E6-464C-93EF-B4BD00BC0591}.Debug|ARM.ActiveCfg = Debug|iPhone
		{65E968C6-D4E6-464C-93EF-B4BD00BC0591}.Debug|ARM.Build.0 = Debug|iPhone
		{65E968C6-D4E6-464C-93EF-B4BD00BC0591}.Debug|ARM.Deploy.0 = Debug|iPhone
		{65E968C6-D4E6-464C-93EF-B4BD00BC0591}.Debug|iPhone.ActiveCfg = Debug|iPhone
		{65E968C6-D4E6-464C-93EF-B4BD00BC0591}.Debug|iPhone.Build.0 = Debug|iPhone
		{65E968C6-D4E6-464C-93EF-B4BD00BC0591}.Debug|iPhone.Deploy.0 = Debug|iPhone
		{65E968C6-D4E6-464C-93EF-B4BD00BC0591}.Debug|iPhoneSimulator.ActiveCfg = Debug|iPhoneSimulator
		{65E968C6-D4E6-464C-93EF-B4BD00BC0591}.Debug|iPhoneSimulator.Build.0 = Debug|iPhoneSimulator
		{65E968C6-D4E6-464C-93EF-B4BD00BC0591}.Debug|iPhoneSimulator.Deploy.0 = Debug|iPhoneSimulator
		{65E968C6-D4E6-464C-93EF-B4BD00BC0591}.Debug|x64.ActiveCfg = Debug|iPhoneSimulator
		{65E968C6-D4E6-464C-93EF-B4BD00BC0591}.Debug|x64.Build.0 = Debug|iPhoneSimulator
		{65E968C6-D4E6-464C-93EF-B4BD00BC0591}.Debug|x64.Deploy.0 = Debug|iPhoneSimulator
		{65E968C6-D4E6-464C-93EF-B4BD00BC0591}.Debug|x86.ActiveCfg = Debug|iPhoneSimulator
		{65E968C6-D4E6-464C-93EF-B4BD00BC0591}.Debug|x86.Build.0 = Debug|iPhoneSimulator
		{65E968C6-D4E6-464C-93EF-B4BD00BC0591}.Debug|x86.Deploy.0 = Debug|iPhoneSimulator
		{65E968C6-D4E6-464C-93EF-B4BD00BC0591}.Release|Any CPU.ActiveCfg = Release|iPhoneSimulator
		{65E968C6-D4E6-464C-93EF-B4BD00BC0591}.Release|Any CPU.Build.0 = Release|iPhoneSimulator
		{65E968C6-D4E6-464C-93EF-B4BD00BC0591}.Release|Any CPU.Deploy.0 = Release|iPhoneSimulator
		{65E968C6-D4E6-464C-93EF-B4BD00BC0591}.Release|ARM.ActiveCfg = Release|iPhoneSimulator
		{65E968C6-D4E6-464C-93EF-B4BD00BC0591}.Release|ARM.Build.0 = Release|iPhoneSimulator
		{65E968C6-D4E6-464C-93EF-B4BD00BC0591}.Release|ARM.Deploy.0 = Release|iPhoneSimulator
		{65E968C6-D4E6-464C-93EF-B4BD00BC0591}.Release|iPhone.ActiveCfg = Release|iPhone
		{65E968C6-D4E6-464C-93EF-B4BD00BC0591}.Release|iPhone.Build.0 = Release|iPhone
		{65E968C6-D4E6-464C-93EF-B4BD00BC0591}.Release|iPhone.Deploy.0 = Release|iPhone
		{65E968C6-D4E6-464C-93EF-B4BD00BC0591}.Release|iPhoneSimulator.ActiveCfg = Release|iPhoneSimulator
		{65E968C6-D4E6-464C-93EF-B4BD00BC0591}.Release|iPhoneSimulator.Build.0 = Release|iPhoneSimulator
		{65E968C6-D4E6-464C-93EF-B4BD00BC0591}.Release|iPhoneSimulator.Deploy.0 = Release|iPhoneSimulator
		{65E968C6-D4E6-464C-93EF-B4BD00BC0591}.Release|x64.ActiveCfg = Release|iPhoneSimulator
		{65E968C6-D4E6-464C-93EF-B4BD00BC0591}.Release|x64.Build.0 = Release|iPhoneSimulator
		{65E968C6-D4E6-464C-93EF-B4BD00BC0591}.Release|x64.Deploy.0 = Release|iPhoneSimulator
		{65E968C6-D4E6-464C-93EF-B4BD00BC0591}.Release|x86.ActiveCfg = Release|iPhoneSimulator
		{65E968C6-D4E6-464C-93EF-B4BD00BC0591}.Release|x86.Build.0 = Release|iPhoneSimulator
		{65E968C6-D4E6-464C-93EF-B4BD00BC0591}.Release|x86.Deploy.0 = Release|iPhoneSimulator
		{FDA0F1DF-8D57-48C3-8735-584E676AF669}.Debug|Any CPU.ActiveCfg = Debug|Any CPU
		{FDA0F1DF-8D57-48C3-8735-584E676AF669}.Debug|Any CPU.Build.0 = Debug|Any CPU
		{FDA0F1DF-8D57-48C3-8735-584E676AF669}.Debug|Any CPU.Deploy.0 = Debug|Any CPU
		{FDA0F1DF-8D57-48C3-8735-584E676AF669}.Debug|ARM.ActiveCfg = Debug|Any CPU
		{FDA0F1DF-8D57-48C3-8735-584E676AF669}.Debug|ARM.Build.0 = Debug|Any CPU
		{FDA0F1DF-8D57-48C3-8735-584E676AF669}.Debug|ARM.Deploy.0 = Debug|Any CPU
		{FDA0F1DF-8D57-48C3-8735-584E676AF669}.Debug|iPhone.ActiveCfg = Debug|Any CPU
		{FDA0F1DF-8D57-48C3-8735-584E676AF669}.Debug|iPhone.Build.0 = Debug|Any CPU
		{FDA0F1DF-8D57-48C3-8735-584E676AF669}.Debug|iPhone.Deploy.0 = Debug|Any CPU
		{FDA0F1DF-8D57-48C3-8735-584E676AF669}.Debug|iPhoneSimulator.ActiveCfg = Debug|Any CPU
		{FDA0F1DF-8D57-48C3-8735-584E676AF669}.Debug|iPhoneSimulator.Build.0 = Debug|Any CPU
		{FDA0F1DF-8D57-48C3-8735-584E676AF669}.Debug|iPhoneSimulator.Deploy.0 = Debug|Any CPU
		{FDA0F1DF-8D57-48C3-8735-584E676AF669}.Debug|x64.ActiveCfg = Debug|Any CPU
		{FDA0F1DF-8D57-48C3-8735-584E676AF669}.Debug|x64.Build.0 = Debug|Any CPU
		{FDA0F1DF-8D57-48C3-8735-584E676AF669}.Debug|x64.Deploy.0 = Debug|Any CPU
		{FDA0F1DF-8D57-48C3-8735-584E676AF669}.Debug|x86.ActiveCfg = Debug|Any CPU
		{FDA0F1DF-8D57-48C3-8735-584E676AF669}.Debug|x86.Build.0 = Debug|Any CPU
		{FDA0F1DF-8D57-48C3-8735-584E676AF669}.Debug|x86.Deploy.0 = Debug|Any CPU
		{FDA0F1DF-8D57-48C3-8735-584E676AF669}.Release|Any CPU.ActiveCfg = Release|Any CPU
		{FDA0F1DF-8D57-48C3-8735-584E676AF669}.Release|Any CPU.Build.0 = Release|Any CPU
		{FDA0F1DF-8D57-48C3-8735-584E676AF669}.Release|Any CPU.Deploy.0 = Release|Any CPU
		{FDA0F1DF-8D57-48C3-8735-584E676AF669}.Release|ARM.ActiveCfg = Release|Any CPU
		{FDA0F1DF-8D57-48C3-8735-584E676AF669}.Release|ARM.Build.0 = Release|Any CPU
		{FDA0F1DF-8D57-48C3-8735-584E676AF669}.Release|ARM.Deploy.0 = Release|Any CPU
		{FDA0F1DF-8D57-48C3-8735-584E676AF669}.Release|iPhone.ActiveCfg = Release|Any CPU
		{FDA0F1DF-8D57-48C3-8735-584E676AF669}.Release|iPhone.Build.0 = Release|Any CPU
		{FDA0F1DF-8D57-48C3-8735-584E676AF669}.Release|iPhone.Deploy.0 = Release|Any CPU
		{FDA0F1DF-8D57-48C3-8735-584E676AF669}.Release|iPhoneSimulator.ActiveCfg = Release|Any CPU
		{FDA0F1DF-8D57-48C3-8735-584E676AF669}.Release|iPhoneSimulator.Build.0 = Release|Any CPU
		{FDA0F1DF-8D57-48C3-8735-584E676AF669}.Release|iPhoneSimulator.Deploy.0 = Release|Any CPU
		{FDA0F1DF-8D57-48C3-8735-584E676AF669}.Release|x64.ActiveCfg = Release|Any CPU
		{FDA0F1DF-8D57-48C3-8735-584E676AF669}.Release|x64.Build.0 = Release|Any CPU
		{FDA0F1DF-8D57-48C3-8735-584E676AF669}.Release|x64.Deploy.0 = Release|Any CPU
		{FDA0F1DF-8D57-48C3-8735-584E676AF669}.Release|x86.ActiveCfg = Release|Any CPU
		{FDA0F1DF-8D57-48C3-8735-584E676AF669}.Release|x86.Build.0 = Release|Any CPU
		{FDA0F1DF-8D57-48C3-8735-584E676AF669}.Release|x86.Deploy.0 = Release|Any CPU
	EndGlobalSection
	GlobalSection(SolutionProperties) = preSolution
		HideSolutionNode = FALSE
	EndGlobalSection
	GlobalSection(ExtensibilityGlobals) = postSolution
		SolutionGuid = {D9F7169E-D31A-49B2-B749-D9B5801DE89B}
	EndGlobalSection
EndGlobal
